{
  "object": {
    "pins": [
      {
        "package": "libwebp",
        "repositoryURL": "https://github.kakaocorp.com/kakaoentcli/libwebp-Xcode.git",
        "state": {
          "branch": null,
          "revision": "86c1b5d567ed548da861486b54e1f8f068a3cef7",
          "version": "1.1.0"
        }
      },
      {
        "package": "SDWebImage",
        "repositoryURL": "https://github.com/SDWebImage/SDWebImage.git",
        "state": {
          "branch": null,
          "revision": "633996a807442ec28df9d33b0f88ce57a0e2fdbf",
          "version": "5.17.0"
        }
      }
    ]
  },
  "version": 1
}
